PODS:
  - RNCryptor (5.0.3)
  - SDOSEnvironment (0.9.6):
    - RNCryptor (~> 5.0)
    - SDOSEnvironment/SDOSEnvironment (= 0.9.6)
  - SDOSEnvironment/SDOSEnvironment (0.9.6):
    - RNCryptor (~> 5.0)

DEPENDENCIES:
  - SDOSEnvironment (from `../../`)

SPEC REPOS:
  https://github.com/cocoapods/specs.git:
    - RNCryptor

EXTERNAL SOURCES:
  SDOSEnvironment:
    :path: "../../"

SPEC CHECKSUMS:
  RNCryptor: c93d19029dcf7ff160aca0f24d6c9e7b0d82f664
  SDOSEnvironment: db33bd823e9af5a1407264126fd246c891c5ee7f

PODFILE CHECKSUM: 1a4a80899ec8cda7a1388898a905a6b4e41de723

COCOAPODS: 1.5.3
