PODS:
  - RNCryptor (5.0.3)
  - SDOSEnvironment (1.0.4):
    - RNCryptor (~> 5.0)
    - SDOSEnvironment/SDOSEnvironment (= 1.0.4)
  - SDOSEnvironment/SDOSEnvironment (1.0.4):
    - RNCryptor (~> 5.0)

DEPENDENCIES:
  - SDOSEnvironment (from `../../`)

SPEC REPOS:
  https://github.com/cocoapods/specs.git:
    - RNCryptor

EXTERNAL SOURCES:
  SDOSEnvironment:
    :path: "../../"

SPEC CHECKSUMS:
  RNCryptor: c93d19029dcf7ff160aca0f24d6c9e7b0d82f664
  SDOSEnvironment: 05bf3ef347c811e7cf1fde5931f48b8c34575368

PODFILE CHECKSUM: c6667814a777a84a7a098c5559a49e2a21e6aae9

COCOAPODS: 1.7.5
